
Microsoft Visual Studio Solution File, Format Version 12.00
# Visual Studio Version 17
VisualStudioVersion = 17.7.34024.191
MinimumVisualStudioVersion = 10.0.40219.1
Project("{FAE04EC0-301F-11D3-BF4B-00C04F79EFBC}") = "BPET_PORTAL", "BPET_PORTAL\BPET_PORTAL.csproj", "{DEDFF2D2-8003-44F1-9A04-567A86150A82}"
EndProject
Global
	GlobalSection(SolutionConfigurationPlatforms) = preSolution
		Debug|Any CPU = Debug|Any CPU
		Release|Any CPU = Release|Any CPU
	EndGlobalSection
	GlobalSection(ProjectConfigurationPlatforms) = postSolution
		{DEDFF2D2-8003-44F1-9A04-567A86150A82}.Debug|Any CPU.ActiveCfg = Debug|Any CPU
		{DEDFF2D2-8003-44F1-9A04-567A86150A82}.Debug|Any CPU.Build.0 = Debug|Any CPU
		{DEDFF2D2-8003-44F1-9A04-567A86150A82}.Release|Any CPU.ActiveCfg = Release|Any CPU
		{DEDFF2D2-8003-44F1-9A04-567A86150A82}.Release|Any CPU.Build.0 = Release|Any CPU
	EndGlobalSection
	GlobalSection(SolutionProperties) = preSolution
		HideSolutionNode = FALSE
	EndGlobalSection
	GlobalSection(ExtensibilityGlobals) = postSolution
		SolutionGuid = {F7E747DE-D816-4C15-8FC7-1DDB74F5C1AB}
	EndGlobalSection
EndGlobal
